
Microsoft Visual Studio Solution File, Format Version 12.00
# Visual Studio Version 16
VisualStudioVersion = 16.0.32802.440
MinimumVisualStudioVersion = 10.0.40219.1
Project("{FAE04EC0-301F-11D3-BF4B-00C04F79EFBC}") = "ContactManager", "ContactManager\ContactManager.csproj", "{2B2115C1-70E6-4CF4-862E-BB06B1F2FB4E}"
EndProject
Global
	GlobalSection(SolutionConfigurationPlatforms) = preSolution
		Debug|Any CPU = Debug|Any CPU
		Release|Any CPU = Release|Any CPU
	EndGlobalSection
	GlobalSection(ProjectConfigurationPlatforms) = postSolution
		{2B2115C1-70E6-4CF4-862E-BB06B1F2FB4E}.Debug|Any CPU.ActiveCfg = Debug|Any CPU
		{2B2115C1-70E6-4CF4-862E-BB06B1F2FB4E}.Debug|Any CPU.Build.0 = Debug|Any CPU
		{2B2115C1-70E6-4CF4-862E-BB06B1F2FB4E}.Release|Any CPU.ActiveCfg = Release|Any CPU
		{2B2115C1-70E6-4CF4-862E-BB06B1F2FB4E}.Release|Any CPU.Build.0 = Release|Any CPU
	EndGlobalSection
	GlobalSection(SolutionProperties) = preSolution
		HideSolutionNode = FALSE
	EndGlobalSection
	GlobalSection(ExtensibilityGlobals) = postSolution
		SolutionGuid = {95DF3CA9-5CC1-4A35-82E8-3E6C9AA17CAF}
	EndGlobalSection
EndGlobal
